// !$*UTF8*$!
{
	archiveVersion = 1;
	classes = {
	};
	objectVersion = 46;
	objects = {

/* Begin PBXBuildFile section */
		A247DC0F1B005D3000FE7921 /* AppDelegate.m in Sources */ = {isa = PBXBuildFile; fileRef = A247DC0E1B005D3000FE7921 /* AppDelegate.m */; };
		A247DC111B005D3000FE7921 /* main.m in Sources */ = {isa = PBXBuildFile; fileRef = A247DC101B005D3000FE7921 /* main.m */; };
		A247DC131B005D3000FE7921 /* Images.xcassets in Resources */ = {isa = PBXBuildFile; fileRef = A247DC121B005D3000FE7921 /* Images.xcassets */; };
		A247DC161B005D3000FE7921 /* MainMenu.xib in Resources */ = {isa = PBXBuildFile; fileRef = A247DC141B005D3000FE7921 /* MainMenu.xib */; };
		A247DC221B005D3000FE7921 /* J2MTests.m in Sources */ = {isa = PBXBuildFile; fileRef = A247DC211B005D3000FE7921 /* J2MTests.m */; };
		A247DC3B1B006ECB00FE7921 /* J2MClass.m in Sources */ = {isa = PBXBuildFile; fileRef = A247DC361B006ECB00FE7921 /* J2MClass.m */; };
		A247DC3C1B006ECB00FE7921 /* J2MProperty.m in Sources */ = {isa = PBXBuildFile; fileRef = A247DC381B006ECB00FE7921 /* J2MProperty.m */; };
		A247DC3D1B006ECB00FE7921 /* J2MUtils.m in Sources */ = {isa = PBXBuildFile; fileRef = A247DC3A1B006ECB00FE7921 /* J2MUtils.m */; };
		A247DC401B006EDB00FE7921 /* MJFoundation_J2M.m in Sources */ = {isa = PBXBuildFile; fileRef = A247DC3F1B006EDB00FE7921 /* MJFoundation_J2M.m */; };
		A247DC431B006F0900FE7921 /* MJConst_J2M.m in Sources */ = {isa = PBXBuildFile; fileRef = A247DC421B006F0900FE7921 /* MJConst_J2M.m */; };
		A24AA3901B018D1B00D4CFF5 /* Ad.m in Sources */ = {isa = PBXBuildFile; fileRef = A24AA3831B018D1B00D4CFF5 /* Ad.m */; };
		A24AA3911B018D1B00D4CFF5 /* Bag.m in Sources */ = {isa = PBXBuildFile; fileRef = A24AA3851B018D1B00D4CFF5 /* Bag.m */; };
		A24AA3931B018D1B00D4CFF5 /* Status.m in Sources */ = {isa = PBXBuildFile; fileRef = A24AA3891B018D1B00D4CFF5 /* Status.m */; };
		A24AA3941B018D1B00D4CFF5 /* StatusResult.m in Sources */ = {isa = PBXBuildFile; fileRef = A24AA38B1B018D1B00D4CFF5 /* StatusResult.m */; };
		A24AA3951B018D1B00D4CFF5 /* Student.m in Sources */ = {isa = PBXBuildFile; fileRef = A24AA38D1B018D1B00D4CFF5 /* Student.m */; };
		A24AA3961B018D1B00D4CFF5 /* User.m in Sources */ = {isa = PBXBuildFile; fileRef = A24AA38F1B018D1B00D4CFF5 /* User.m */; };
		A24D5FBA1B15733D0076A5D1 /* Model.m in Sources */ = {isa = PBXBuildFile; fileRef = A24D5FB91B15733D0076A5D1 /* Model.m */; };
		A24D5FBC1B1574310076A5D1 /* ModelTest.m in Sources */ = {isa = PBXBuildFile; fileRef = A24D5FBB1B1574310076A5D1 /* ModelTest.m */; };
/* End PBXBuildFile section */

/* Begin PBXContainerItemProxy section */
		A247DC1C1B005D3000FE7921 /* PBXContainerItemProxy */ = {
			isa = PBXContainerItemProxy;
			containerPortal = A247DC001B005D3000FE7921 /* Project object */;
			proxyType = 1;
			remoteGlobalIDString = A247DC071B005D3000FE7921;
			remoteInfo = J2M;
		};
/* End PBXContainerItemProxy section */

/* Begin PBXFileReference section */
		A247DC081B005D3000FE7921 /* J2M.app */ = {isa = PBXFileReference; explicitFileType = wrapper.application; includeInIndex = 0; path = J2M.app; sourceTree = BUILT_PRODUCTS_DIR; };
		A247DC0C1B005D3000FE7921 /* Info.plist */ = {isa = PBXFileReference; lastKnownFileType = text.plist.xml; path = Info.plist; sourceTree = "<group>"; };
		A247DC0D1B005D3000FE7921 /* AppDelegate.h */ = {isa = PBXFileReference; lastKnownFileType = sourcecode.c.h; path = AppDelegate.h; sourceTree = "<group>"; };
		A247DC0E1B005D3000FE7921 /* AppDelegate.m */ = {isa = PBXFileReference; lastKnownFileType = sourcecode.c.objc; path = AppDelegate.m; sourceTree = "<group>"; };
		A247DC101B005D3000FE7921 /* main.m */ = {isa = PBXFileReference; lastKnownFileType = sourcecode.c.objc; path = main.m; sourceTree = "<group>"; };
		A247DC121B005D3000FE7921 /* Images.xcassets */ = {isa = PBXFileReference; lastKnownFileType = folder.assetcatalog; path = Images.xcassets; sourceTree = "<group>"; };
		A247DC151B005D3000FE7921 /* Base */ = {isa = PBXFileReference; lastKnownFileType = file.xib; name = Base; path = Base.lproj/MainMenu.xib; sourceTree = "<group>"; };
		A247DC1B1B005D3000FE7921 /* J2MTests.xctest */ = {isa = PBXFileReference; explicitFileType = wrapper.cfbundle; includeInIndex = 0; path = J2MTests.xctest; sourceTree = BUILT_PRODUCTS_DIR; };
		A247DC201B005D3000FE7921 /* Info.plist */ = {isa = PBXFileReference; lastKnownFileType = text.plist.xml; path = Info.plist; sourceTree = "<group>"; };
		A247DC211B005D3000FE7921 /* J2MTests.m */ = {isa = PBXFileReference; lastKnownFileType = sourcecode.c.objc; path = J2MTests.m; sourceTree = "<group>"; };
		A247DC351B006ECB00FE7921 /* J2MClass.h */ = {isa = PBXFileReference; fileEncoding = 4; lastKnownFileType = sourcecode.c.h; path = J2MClass.h; sourceTree = "<group>"; };
		A247DC361B006ECB00FE7921 /* J2MClass.m */ = {isa = PBXFileReference; fileEncoding = 4; lastKnownFileType = sourcecode.c.objc; path = J2MClass.m; sourceTree = "<group>"; };
		A247DC371B006ECB00FE7921 /* J2MProperty.h */ = {isa = PBXFileReference; fileEncoding = 4; lastKnownFileType = sourcecode.c.h; path = J2MProperty.h; sourceTree = "<group>"; };
		A247DC381B006ECB00FE7921 /* J2MProperty.m */ = {isa = PBXFileReference; fileEncoding = 4; lastKnownFileType = sourcecode.c.objc; path = J2MProperty.m; sourceTree = "<group>"; };
		A247DC391B006ECB00FE7921 /* J2MUtils.h */ = {isa = PBXFileReference; fileEncoding = 4; lastKnownFileType = sourcecode.c.h; path = J2MUtils.h; sourceTree = "<group>"; };
		A247DC3A1B006ECB00FE7921 /* J2MUtils.m */ = {isa = PBXFileReference; fileEncoding = 4; lastKnownFileType = sourcecode.c.objc; path = J2MUtils.m; sourceTree = "<group>"; };
		A247DC3E1B006EDB00FE7921 /* MJFoundation_J2M.h */ = {isa = PBXFileReference; fileEncoding = 4; lastKnownFileType = sourcecode.c.h; path = MJFoundation_J2M.h; sourceTree = "<group>"; };
		A247DC3F1B006EDB00FE7921 /* MJFoundation_J2M.m */ = {isa = PBXFileReference; fileEncoding = 4; lastKnownFileType = sourcecode.c.objc; path = MJFoundation_J2M.m; sourceTree = "<group>"; };
		A247DC411B006F0900FE7921 /* MJConst_J2M.h */ = {isa = PBXFileReference; fileEncoding = 4; lastKnownFileType = sourcecode.c.h; path = MJConst_J2M.h; sourceTree = "<group>"; };
		A247DC421B006F0900FE7921 /* MJConst_J2M.m */ = {isa = PBXFileReference; fileEncoding = 4; lastKnownFileType = sourcecode.c.objc; path = MJConst_J2M.m; sourceTree = "<group>"; };
		A24AA3821B018D1B00D4CFF5 /* Ad.h */ = {isa = PBXFileReference; fileEncoding = 4; lastKnownFileType = sourcecode.c.h; path = Ad.h; sourceTree = "<group>"; };
		A24AA3831B018D1B00D4CFF5 /* Ad.m */ = {isa = PBXFileReference; fileEncoding = 4; lastKnownFileType = sourcecode.c.objc; path = Ad.m; sourceTree = "<group>"; };
		A24AA3841B018D1B00D4CFF5 /* Bag.h */ = {isa = PBXFileReference; fileEncoding = 4; lastKnownFileType = sourcecode.c.h; path = Bag.h; sourceTree = "<group>"; };
		A24AA3851B018D1B00D4CFF5 /* Bag.m */ = {isa = PBXFileReference; fileEncoding = 4; lastKnownFileType = sourcecode.c.objc; path = Bag.m; sourceTree = "<group>"; };
		A24AA3881B018D1B00D4CFF5 /* Status.h */ = {isa = PBXFileReference; fileEncoding = 4; lastKnownFileType = sourcecode.c.h; path = Status.h; sourceTree = "<group>"; };
		A24AA3891B018D1B00D4CFF5 /* Status.m */ = {isa = PBXFileReference; fileEncoding = 4; lastKnownFileType = sourcecode.c.objc; path = Status.m; sourceTree = "<group>"; };
		A24AA38A1B018D1B00D4CFF5 /* StatusResult.h */ = {isa = PBXFileReference; fileEncoding = 4; lastKnownFileType = sourcecode.c.h; path = StatusResult.h; sourceTree = "<group>"; };
		A24AA38B1B018D1B00D4CFF5 /* StatusResult.m */ = {isa = PBXFileReference; fileEncoding = 4; lastKnownFileType = sourcecode.c.objc; path = StatusResult.m; sourceTree = "<group>"; };
		A24AA38C1B018D1B00D4CFF5 /* Student.h */ = {isa = PBXFileReference; fileEncoding = 4; lastKnownFileType = sourcecode.c.h; path = Student.h; sourceTree = "<group>"; };
		A24AA38D1B018D1B00D4CFF5 /* Student.m */ = {isa = PBXFileReference; fileEncoding = 4; lastKnownFileType = sourcecode.c.objc; path = Student.m; sourceTree = "<group>"; };
		A24AA38E1B018D1B00D4CFF5 /* User.h */ = {isa = PBXFileReference; fileEncoding = 4; lastKnownFileType = sourcecode.c.h; path = User.h; sourceTree = "<group>"; };
		A24AA38F1B018D1B00D4CFF5 /* User.m */ = {isa = PBXFileReference; fileEncoding = 4; lastKnownFileType = sourcecode.c.objc; path = User.m; sourceTree = "<group>"; };
		A24D5FB81B15733D0076A5D1 /* Model.h */ = {isa = PBXFileReference; fileEncoding = 4; lastKnownFileType = sourcecode.c.h; path = Model.h; sourceTree = "<group>"; };
		A24D5FB91B15733D0076A5D1 /* Model.m */ = {isa = PBXFileReference; fileEncoding = 4; lastKnownFileType = sourcecode.c.objc; path = Model.m; sourceTree = "<group>"; };
		A24D5FBB1B1574310076A5D1 /* ModelTest.m */ = {isa = PBXFileReference; fileEncoding = 4; lastKnownFileType = sourcecode.c.objc; path = ModelTest.m; sourceTree = "<group>"; };
/* End PBXFileReference section */

/* Begin PBXFrameworksBuildPhase section */
		A247DC051B005D3000FE7921 /* Frameworks */ = {
			isa = PBXFrameworksBuildPhase;
			buildActionMask = 2147483647;
			files = (
			);
			runOnlyForDeploymentPostprocessing = 0;
		};
		A247DC181B005D3000FE7921 /* Frameworks */ = {
			isa = PBXFrameworksBuildPhase;
			buildActionMask = 2147483647;
			files = (
			);
			runOnlyForDeploymentPostprocessing = 0;
		};
/* End PBXFrameworksBuildPhase section */

/* Begin PBXGroup section */
		A247DBFF1B005D3000FE7921 = {
			isa = PBXGroup;
			children = (
				A247DC0A1B005D3000FE7921 /* J2M */,
				A247DC1E1B005D3000FE7921 /* J2MTests */,
				A247DC091B005D3000FE7921 /* Products */,
			);
			sourceTree = "<group>";
		};
		A247DC091B005D3000FE7921 /* Products */ = {
			isa = PBXGroup;
			children = (
				A247DC081B005D3000FE7921 /* J2M.app */,
				A247DC1B1B005D3000FE7921 /* J2MTests.xctest */,
			);
			name = Products;
			sourceTree = "<group>";
		};
		A247DC0A1B005D3000FE7921 /* J2M */ = {
			isa = PBXGroup;
			children = (
				A247DC0D1B005D3000FE7921 /* AppDelegate.h */,
				A247DC0E1B005D3000FE7921 /* AppDelegate.m */,
				A24AA3821B018D1B00D4CFF5 /* Ad.h */,
				A24AA3831B018D1B00D4CFF5 /* Ad.m */,
				A24AA3841B018D1B00D4CFF5 /* Bag.h */,
				A24AA3851B018D1B00D4CFF5 /* Bag.m */,
				A24AA3881B018D1B00D4CFF5 /* Status.h */,
				A24AA3891B018D1B00D4CFF5 /* Status.m */,
				A24AA38A1B018D1B00D4CFF5 /* StatusResult.h */,
				A24AA38B1B018D1B00D4CFF5 /* StatusResult.m */,
				A24AA38C1B018D1B00D4CFF5 /* Student.h */,
				A24AA38D1B018D1B00D4CFF5 /* Student.m */,
				A24AA38E1B018D1B00D4CFF5 /* User.h */,
				A24AA38F1B018D1B00D4CFF5 /* User.m */,
				A24D5FB81B15733D0076A5D1 /* Model.h */,
				A24D5FB91B15733D0076A5D1 /* Model.m */,
				A247DC341B006ECB00FE7921 /* J2M */,
				A247DC121B005D3000FE7921 /* Images.xcassets */,
				A247DC141B005D3000FE7921 /* MainMenu.xib */,
				A247DC0B1B005D3000FE7921 /* Supporting Files */,
			);
			path = J2M;
			sourceTree = "<group>";
		};
		A247DC0B1B005D3000FE7921 /* Supporting Files */ = {
			isa = PBXGroup;
			children = (
				A247DC0C1B005D3000FE7921 /* Info.plist */,
				A247DC101B005D3000FE7921 /* main.m */,
				A24D5FBB1B1574310076A5D1 /* ModelTest.m */,
			);
			name = "Supporting Files";
			sourceTree = "<group>";
		};
		A247DC1E1B005D3000FE7921 /* J2MTests */ = {
			isa = PBXGroup;
			children = (
				A247DC211B005D3000FE7921 /* J2MTests.m */,
				A247DC1F1B005D3000FE7921 /* Supporting Files */,
			);
			path = J2MTests;
			sourceTree = "<group>";
		};
		A247DC1F1B005D3000FE7921 /* Supporting Files */ = {
			isa = PBXGroup;
			children = (
				A247DC201B005D3000FE7921 /* Info.plist */,
			);
			name = "Supporting Files";
			sourceTree = "<group>";
		};
		A247DC341B006ECB00FE7921 /* J2M */ = {
			isa = PBXGroup;
			children = (
				A247DC351B006ECB00FE7921 /* J2MClass.h */,
				A247DC361B006ECB00FE7921 /* J2MClass.m */,
				A247DC371B006ECB00FE7921 /* J2MProperty.h */,
				A247DC381B006ECB00FE7921 /* J2MProperty.m */,
				A247DC391B006ECB00FE7921 /* J2MUtils.h */,
				A247DC3A1B006ECB00FE7921 /* J2MUtils.m */,
				A247DC3E1B006EDB00FE7921 /* MJFoundation_J2M.h */,
				A247DC3F1B006EDB00FE7921 /* MJFoundation_J2M.m */,
				A247DC411B006F0900FE7921 /* MJConst_J2M.h */,
				A247DC421B006F0900FE7921 /* MJConst_J2M.m */,
			);
			path = J2M;
			sourceTree = "<group>";
		};
/* End PBXGroup section */

/* Begin PBXNativeTarget section */
		A247DC071B005D3000FE7921 /* J2M */ = {
			isa = PBXNativeTarget;
			buildConfigurationList = A247DC251B005D3000FE7921 /* Build configuration list for PBXNativeTarget "J2M" */;
			buildPhases = (
				A247DC041B005D3000FE7921 /* Sources */,
				A247DC051B005D3000FE7921 /* Frameworks */,
				A247DC061B005D3000FE7921 /* Resources */,
			);
			buildRules = (
			);
			dependencies = (
			);
			name = J2M;
			productName = J2M;
			productReference = A247DC081B005D3000FE7921 /* J2M.app */;
			productType = "com.apple.product-type.application";
		};
		A247DC1A1B005D3000FE7921 /* J2MTests */ = {
			isa = PBXNativeTarget;
			buildConfigurationList = A247DC281B005D3000FE7921 /* Build configuration list for PBXNativeTarget "J2MTests" */;
			buildPhases = (
				A247DC171B005D3000FE7921 /* Sources */,
				A247DC181B005D3000FE7921 /* Frameworks */,
				A247DC191B005D3000FE7921 /* Resources */,
			);
			buildRules = (
			);
			dependencies = (
				A247DC1D1B005D3000FE7921 /* PBXTargetDependency */,
			);
			name = J2MTests;
			productName = J2MTests;
			productReference = A247DC1B1B005D3000FE7921 /* J2MTests.xctest */;
			productType = "com.apple.product-type.bundle.unit-test";
		};
/* End PBXNativeTarget section */

/* Begin PBXProject section */
		A247DC001B005D3000FE7921 /* Project object */ = {
			isa = PBXProject;
			attributes = {
				LastUpgradeCheck = 0630;
				ORGANIZATIONNAME = Amour;
				TargetAttributes = {
					A247DC071B005D3000FE7921 = {
						CreatedOnToolsVersion = 6.3;
					};
					A247DC1A1B005D3000FE7921 = {
						CreatedOnToolsVersion = 6.3;
						TestTargetID = A247DC071B005D3000FE7921;
					};
				};
			};
			buildConfigurationList = A247DC031B005D3000FE7921 /* Build configuration list for PBXProject "J2M" */;
			compatibilityVersion = "Xcode 3.2";
			developmentRegion = English;
			hasScannedForEncodings = 0;
			knownRegions = (
				en,
				Base,
			);
			mainGroup = A247DBFF1B005D3000FE7921;
			productRefGroup = A247DC091B005D3000FE7921 /* Products */;
			projectDirPath = "";
			projectRoot = "";
			targets = (
				A247DC071B005D3000FE7921 /* J2M */,
				A247DC1A1B005D3000FE7921 /* J2MTests */,
			);
		};
/* End PBXProject section */

/* Begin PBXResourcesBuildPhase section */
		A247DC061B005D3000FE7921 /* Resources */ = {
			isa = PBXResourcesBuildPhase;
			buildActionMask = 2147483647;
			files = (
				A247DC131B005D3000FE7921 /* Images.xcassets in Resources */,
				A247DC161B005D3000FE7921 /* MainMenu.xib in Resources */,
			);
			runOnlyForDeploymentPostprocessing = 0;
		};
		A247DC191B005D3000FE7921 /* Resources */ = {
			isa = PBXResourcesBuildPhase;
			buildActionMask = 2147483647;
			files = (
			);
			runOnlyForDeploymentPostprocessing = 0;
		};
/* End PBXResourcesBuildPhase section */

/* Begin PBXSourcesBuildPhase section */
		A247DC041B005D3000FE7921 /* Sources */ = {
			isa = PBXSourcesBuildPhase;
			buildActionMask = 2147483647;
			files = (
				A24AA3911B018D1B00D4CFF5 /* Bag.m in Sources */,
				A247DC111B005D3000FE7921 /* main.m in Sources */,
				A24AA3951B018D1B00D4CFF5 /* Student.m in Sources */,
				A24AA3931B018D1B00D4CFF5 /* Status.m in Sources */,
				A247DC3D1B006ECB00FE7921 /* J2MUtils.m in Sources */,
				A24AA3941B018D1B00D4CFF5 /* StatusResult.m in Sources */,
				A247DC431B006F0900FE7921 /* MJConst_J2M.m in Sources */,
				A247DC0F1B005D3000FE7921 /* AppDelegate.m in Sources */,
				A24AA3961B018D1B00D4CFF5 /* User.m in Sources */,
				A24AA3901B018D1B00D4CFF5 /* Ad.m in Sources */,
				A247DC401B006EDB00FE7921 /* MJFoundation_J2M.m in Sources */,
				A24D5FBA1B15733D0076A5D1 /* Model.m in Sources */,
				A247DC3C1B006ECB00FE7921 /* J2MProperty.m in Sources */,
				A247DC3B1B006ECB00FE7921 /* J2MClass.m in Sources */,
			);
			runOnlyForDeploymentPostprocessing = 0;
		};
		A247DC171B005D3000FE7921 /* Sources */ = {
			isa = PBXSourcesBuildPhase;
			buildActionMask = 2147483647;
			files = (
				A247DC221B005D3000FE7921 /* J2MTests.m in Sources */,
				A24D5FBC1B1574310076A5D1 /* ModelTest.m in Sources */,
			);
			runOnlyForDeploymentPostprocessing = 0;
		};
/* End PBXSourcesBuildPhase section */

/* Begin PBXTargetDependency section */
		A247DC1D1B005D3000FE7921 /* PBXTargetDependency */ = {
			isa = PBXTargetDependency;
			target = A247DC071B005D3000FE7921 /* J2M */;
			targetProxy = A247DC1C1B005D3000FE7921 /* PBXContainerItemProxy */;
		};
/* End PBXTargetDependency section */

/* Begin PBXVariantGroup section */
		A247DC141B005D3000FE7921 /* MainMenu.xib */ = {
			isa = PBXVariantGroup;
			children = (
				A247DC151B005D3000FE7921 /* Base */,
			);
			name = MainMenu.xib;
			sourceTree = "<group>";
		};
/* End PBXVariantGroup section */

/* Begin XCBuildConfiguration section */
		A247DC231B005D3000FE7921 /* Debug */ = {
			isa = XCBuildConfiguration;
			buildSettings = {
				ALWAYS_SEARCH_USER_PATHS = NO;
				CLANG_CXX_LANGUAGE_STANDARD = "gnu++0x";
				CLANG_CXX_LIBRARY = "libc++";
				CLANG_ENABLE_MODULES = YES;
				CLANG_ENABLE_OBJC_ARC = YES;
				CLANG_WARN_BOOL_CONVERSION = YES;
				CLANG_WARN_CONSTANT_CONVERSION = YES;
				CLANG_WARN_DIRECT_OBJC_ISA_USAGE = YES_ERROR;
				CLANG_WARN_EMPTY_BODY = YES;
				CLANG_WARN_ENUM_CONVERSION = YES;
				CLANG_WARN_INT_CONVERSION = YES;
				CLANG_WARN_OBJC_ROOT_CLASS = YES_ERROR;
				CLANG_WARN_UNREACHABLE_CODE = YES;
				CLANG_WARN__DUPLICATE_METHOD_MATCH = YES;
				CODE_SIGN_IDENTITY = "-";
				COPY_PHASE_STRIP = NO;
				DEBUG_INFORMATION_FORMAT = dwarf;
				ENABLE_STRICT_OBJC_MSGSEND = YES;
				GCC_C_LANGUAGE_STANDARD = gnu99;
				GCC_DYNAMIC_NO_PIC = NO;
				GCC_NO_COMMON_BLOCKS = YES;
				GCC_OPTIMIZATION_LEVEL = 0;
				GCC_PREPROCESSOR_DEFINITIONS = (
					"DEBUG=1",
					"$(inherited)",
				);
				GCC_SYMBOLS_PRIVATE_EXTERN = NO;
				GCC_WARN_64_TO_32_BIT_CONVERSION = YES;
				GCC_WARN_ABOUT_RETURN_TYPE = YES_ERROR;
				GCC_WARN_UNDECLARED_SELECTOR = YES;
				GCC_WARN_UNINITIALIZED_AUTOS = YES_AGGRESSIVE;
				GCC_WARN_UNUSED_FUNCTION = YES;
				GCC_WARN_UNUSED_VARIABLE = YES;
				MACOSX_DEPLOYMENT_TARGET = 10.10;
				MTL_ENABLE_DEBUG_INFO = YES;
				ONLY_ACTIVE_ARCH = YES;
				SDKROOT = macosx;
			};
			name = Debug;
		};
		A247DC241B005D3000FE7921 /* Release */ = {
			isa = XCBuildConfiguration;
			buildSettings = {
				ALWAYS_SEARCH_USER_PATHS = NO;
				CLANG_CXX_LANGUAGE_STANDARD = "gnu++0x";
				CLANG_CXX_LIBRARY = "libc++";
				CLANG_ENABLE_MODULES = YES;
				CLANG_ENABLE_OBJC_ARC = YES;
				CLANG_WARN_BOOL_CONVERSION = YES;
				CLANG_WARN_CONSTANT_CONVERSION = YES;
				CLANG_WARN_DIRECT_OBJC_ISA_USAGE = YES_ERROR;
				CLANG_WARN_EMPTY_BODY = YES;
				CLANG_WARN_ENUM_CONVERSION = YES;
				CLANG_WARN_INT_CONVERSION = YES;
				CLANG_WARN_OBJC_ROOT_CLASS = YES_ERROR;
				CLANG_WARN_UNREACHABLE_CODE = YES;
				CLANG_WARN__DUPLICATE_METHOD_MATCH = YES;
				CODE_SIGN_IDENTITY = "-";
				COPY_PHASE_STRIP = NO;
				DEBUG_INFORMATION_FORMAT = "dwarf-with-dsym";
				ENABLE_NS_ASSERTIONS = NO;
				ENABLE_STRICT_OBJC_MSGSEND = YES;
				GCC_C_LANGUAGE_STANDARD = gnu99;
				GCC_NO_COMMON_BLOCKS = YES;
				GCC_WARN_64_TO_32_BIT_CONVERSION = YES;
				GCC_WARN_ABOUT_RETURN_TYPE = YES_ERROR;
				GCC_WARN_UNDECLARED_SELECTOR = YES;
				GCC_WARN_UNINITIALIZED_AUTOS = YES_AGGRESSIVE;
				GCC_WARN_UNUSED_FUNCTION = YES;
				GCC_WARN_UNUSED_VARIABLE = YES;
				MACOSX_DEPLOYMENT_TARGET = 10.10;
				MTL_ENABLE_DEBUG_INFO = NO;
				SDKROOT = macosx;
			};
			name = Release;
		};
		A247DC261B005D3000FE7921 /* Debug */ = {
			isa = XCBuildConfiguration;
			buildSettings = {
				ASSETCATALOG_COMPILER_APPICON_NAME = AppIcon;
				COMBINE_HIDPI_IMAGES = YES;
				INFOPLIST_FILE = J2M/Info.plist;
				LD_RUNPATH_SEARCH_PATHS = "$(inherited) @executable_path/../Frameworks";
				PRODUCT_NAME = "$(TARGET_NAME)";
			};
			name = Debug;
		};
		A247DC271B005D3000FE7921 /* Release */ = {
			isa = XCBuildConfiguration;
			buildSettings = {
				ASSETCATALOG_COMPILER_APPICON_NAME = AppIcon;
				COMBINE_HIDPI_IMAGES = YES;
				INFOPLIST_FILE = J2M/Info.plist;
				LD_RUNPATH_SEARCH_PATHS = "$(inherited) @executable_path/../Frameworks";
				PRODUCT_NAME = "$(TARGET_NAME)";
			};
			name = Release;
		};
		A247DC291B005D3000FE7921 /* Debug */ = {
			isa = XCBuildConfiguration;
			buildSettings = {
				BUNDLE_LOADER = "$(TEST_HOST)";
				COMBINE_HIDPI_IMAGES = YES;
				FRAMEWORK_SEARCH_PATHS = (
					"$(DEVELOPER_FRAMEWORKS_DIR)",
					"$(inherited)",
				);
				GCC_PREPROCESSOR_DEFINITIONS = (
					"DEBUG=1",
					"$(inherited)",
				);
				INFOPLIST_FILE = J2MTests/Info.plist;
				LD_RUNPATH_SEARCH_PATHS = "$(inherited) @executable_path/../Frameworks @loader_path/../Frameworks";
				PRODUCT_NAME = "$(TARGET_NAME)";
				TEST_HOST = "$(BUILT_PRODUCTS_DIR)/J2M.app/Contents/MacOS/J2M";
			};
			name = Debug;
		};
		A247DC2A1B005D3000FE7921 /* Release */ = {
			isa = XCBuildConfiguration;
			buildSettings = {
				BUNDLE_LOADER = "$(TEST_HOST)";
				COMBINE_HIDPI_IMAGES = YES;
				FRAMEWORK_SEARCH_PATHS = (
					"$(DEVELOPER_FRAMEWORKS_DIR)",
					"$(inherited)",
				);
				INFOPLIST_FILE = J2MTests/Info.plist;
				LD_RUNPATH_SEARCH_PATHS = "$(inherited) @executable_path/../Frameworks @loader_path/../Frameworks";
				PRODUCT_NAME = "$(TARGET_NAME)";
				TEST_HOST = "$(BUILT_PRODUCTS_DIR)/J2M.app/Contents/MacOS/J2M";
			};
			name = Release;
		};
/* End XCBuildConfiguration section */

/* Begin XCConfigurationList section */
		A247DC031B005D3000FE7921 /* Build configuration list for PBXProject "J2M" */ = {
			isa = XCConfigurationList;
			buildConfigurations = (
				A247DC231B005D3000FE7921 /* Debug */,
				A247DC241B005D3000FE7921 /* Release */,
			);
			defaultConfigurationIsVisible = 0;
			defaultConfigurationName = Release;
		};
		A247DC251B005D3000FE7921 /* Build configuration list for PBXNativeTarget "J2M" */ = {
			isa = XCConfigurationList;
			buildConfigurations = (
				A247DC261B005D3000FE7921 /* Debug */,
				A247DC271B005D3000FE7921 /* Release */,
			);
			defaultConfigurationIsVisible = 0;
			defaultConfigurationName = Release;
		};
		A247DC281B005D3000FE7921 /* Build configuration list for PBXNativeTarget "J2MTests" */ = {
			isa = XCConfigurationList;
			buildConfigurations = (
				A247DC291B005D3000FE7921 /* Debug */,
				A247DC2A1B005D3000FE7921 /* Release */,
			);
			defaultConfigurationIsVisible = 0;
			defaultConfigurationName = Release;
		};
/* End XCConfigurationList section */
	};
	rootObject = A247DC001B005D3000FE7921 /* Project object */;
}
